
Microsoft Visual Studio Solution File, Format Version 12.00
# Visual Studio 15
VisualStudioVersion = 15.0.28307.438
MinimumVisualStudioVersion = 10.0.40219.1
Project("{2150E333-8FDC-42A3-9474-1A3956D46DE8}") = "Solution Items", "Solution Items", "{299540B2-B8B9-4807-837A-D86A22372122}"
	ProjectSection(SolutionItems) = preProject
		JValue\JValue.h = JValue\JValue.h
		JValue\Tests.cpp = JValue\Tests.cpp
		JValue\Tests.h = JValue\Tests.h
	EndProjectSection
EndProject
Project("{8BC9CEB8-8B4A-11D0-8D11-00A0C91BC942}") = "WrlUnitTest", "WrlUnitTest\WrlUnitTest.vcxproj", "{58682E48-F69A-4F0A-B290-90376E9E757D}"
EndProject
Project("{8BC9CEB8-8B4A-11D0-8D11-00A0C91BC942}") = "CxUnitTestApp", "CxUnitTestApp\CxUnitTestApp.vcxproj", "{C86E10EF-A12B-48D6-A99F-DB3CB52BE9C4}"
EndProject
Project("{8BC9CEB8-8B4A-11D0-8D11-00A0C91BC942}") = "CppWinRtUnitTest", "CppWinRtUnitTest\CppWinRtUnitTest.vcxproj", "{9F877415-83B3-4D2E-953B-94F546ED8BE5}"
EndProject
Global
	GlobalSection(SolutionConfigurationPlatforms) = preSolution
		Debug|ARM = Debug|ARM
		Debug|ARM64 = Debug|ARM64
		Debug|x64 = Debug|x64
		Debug|x86 = Debug|x86
		Release|ARM = Release|ARM
		Release|ARM64 = Release|ARM64
		Release|x64 = Release|x64
		Release|x86 = Release|x86
	EndGlobalSection
	GlobalSection(ProjectConfigurationPlatforms) = postSolution
		{58682E48-F69A-4F0A-B290-90376E9E757D}.Debug|ARM.ActiveCfg = Debug|Win32
		{58682E48-F69A-4F0A-B290-90376E9E757D}.Debug|ARM64.ActiveCfg = Debug|Win32
		{58682E48-F69A-4F0A-B290-90376E9E757D}.Debug|x64.ActiveCfg = Debug|x64
		{58682E48-F69A-4F0A-B290-90376E9E757D}.Debug|x64.Build.0 = Debug|x64
		{58682E48-F69A-4F0A-B290-90376E9E757D}.Debug|x86.ActiveCfg = Debug|Win32
		{58682E48-F69A-4F0A-B290-90376E9E757D}.Debug|x86.Build.0 = Debug|Win32
		{58682E48-F69A-4F0A-B290-90376E9E757D}.Release|ARM.ActiveCfg = Release|Win32
		{58682E48-F69A-4F0A-B290-90376E9E757D}.Release|ARM64.ActiveCfg = Release|Win32
		{58682E48-F69A-4F0A-B290-90376E9E757D}.Release|x64.ActiveCfg = Release|x64
		{58682E48-F69A-4F0A-B290-90376E9E757D}.Release|x64.Build.0 = Release|x64
		{58682E48-F69A-4F0A-B290-90376E9E757D}.Release|x86.ActiveCfg = Release|Win32
		{58682E48-F69A-4F0A-B290-90376E9E757D}.Release|x86.Build.0 = Release|Win32
		{C86E10EF-A12B-48D6-A99F-DB3CB52BE9C4}.Debug|ARM.ActiveCfg = Debug|ARM
		{C86E10EF-A12B-48D6-A99F-DB3CB52BE9C4}.Debug|ARM.Build.0 = Debug|ARM
		{C86E10EF-A12B-48D6-A99F-DB3CB52BE9C4}.Debug|ARM.Deploy.0 = Debug|ARM
		{C86E10EF-A12B-48D6-A99F-DB3CB52BE9C4}.Debug|ARM64.ActiveCfg = Debug|ARM64
		{C86E10EF-A12B-48D6-A99F-DB3CB52BE9C4}.Debug|ARM64.Build.0 = Debug|ARM64
		{C86E10EF-A12B-48D6-A99F-DB3CB52BE9C4}.Debug|ARM64.Deploy.0 = Debug|ARM64
		{C86E10EF-A12B-48D6-A99F-DB3CB52BE9C4}.Debug|x64.ActiveCfg = Debug|x64
		{C86E10EF-A12B-48D6-A99F-DB3CB52BE9C4}.Debug|x64.Build.0 = Debug|x64
		{C86E10EF-A12B-48D6-A99F-DB3CB52BE9C4}.Debug|x64.Deploy.0 = Debug|x64
		{C86E10EF-A12B-48D6-A99F-DB3CB52BE9C4}.Debug|x86.ActiveCfg = Debug|Win32
		{C86E10EF-A12B-48D6-A99F-DB3CB52BE9C4}.Debug|x86.Build.0 = Debug|Win32
		{C86E10EF-A12B-48D6-A99F-DB3CB52BE9C4}.Debug|x86.Deploy.0 = Debug|Win32
		{C86E10EF-A12B-48D6-A99F-DB3CB52BE9C4}.Release|ARM.ActiveCfg = Release|ARM
		{C86E10EF-A12B-48D6-A99F-DB3CB52BE9C4}.Release|ARM.Build.0 = Release|ARM
		{C86E10EF-A12B-48D6-A99F-DB3CB52BE9C4}.Release|ARM.Deploy.0 = Release|ARM
		{C86E10EF-A12B-48D6-A99F-DB3CB52BE9C4}.Release|ARM64.ActiveCfg = Release|ARM64
		{C86E10EF-A12B-48D6-A99F-DB3CB52BE9C4}.Release|ARM64.Build.0 = Release|ARM64
		{C86E10EF-A12B-48D6-A99F-DB3CB52BE9C4}.Release|ARM64.Deploy.0 = Release|ARM64
		{C86E10EF-A12B-48D6-A99F-DB3CB52BE9C4}.Release|x64.ActiveCfg = Release|x64
		{C86E10EF-A12B-48D6-A99F-DB3CB52BE9C4}.Release|x64.Build.0 = Release|x64
		{C86E10EF-A12B-48D6-A99F-DB3CB52BE9C4}.Release|x64.Deploy.0 = Release|x64
		{C86E10EF-A12B-48D6-A99F-DB3CB52BE9C4}.Release|x86.ActiveCfg = Release|Win32
		{C86E10EF-A12B-48D6-A99F-DB3CB52BE9C4}.Release|x86.Build.0 = Release|Win32
		{C86E10EF-A12B-48D6-A99F-DB3CB52BE9C4}.Release|x86.Deploy.0 = Release|Win32
		{9F877415-83B3-4D2E-953B-94F546ED8BE5}.Debug|ARM.ActiveCfg = Debug|Win32
		{9F877415-83B3-4D2E-953B-94F546ED8BE5}.Debug|ARM64.ActiveCfg = Debug|Win32
		{9F877415-83B3-4D2E-953B-94F546ED8BE5}.Debug|x64.ActiveCfg = Debug|x64
		{9F877415-83B3-4D2E-953B-94F546ED8BE5}.Debug|x64.Build.0 = Debug|x64
		{9F877415-83B3-4D2E-953B-94F546ED8BE5}.Debug|x86.ActiveCfg = Debug|Win32
		{9F877415-83B3-4D2E-953B-94F546ED8BE5}.Debug|x86.Build.0 = Debug|Win32
		{9F877415-83B3-4D2E-953B-94F546ED8BE5}.Release|ARM.ActiveCfg = Release|Win32
		{9F877415-83B3-4D2E-953B-94F546ED8BE5}.Release|ARM64.ActiveCfg = Release|Win32
		{9F877415-83B3-4D2E-953B-94F546ED8BE5}.Release|x64.ActiveCfg = Release|x64
		{9F877415-83B3-4D2E-953B-94F546ED8BE5}.Release|x64.Build.0 = Release|x64
		{9F877415-83B3-4D2E-953B-94F546ED8BE5}.Release|x86.ActiveCfg = Release|Win32
		{9F877415-83B3-4D2E-953B-94F546ED8BE5}.Release|x86.Build.0 = Release|Win32
	EndGlobalSection
	GlobalSection(SolutionProperties) = preSolution
		HideSolutionNode = FALSE
	EndGlobalSection
	GlobalSection(ExtensibilityGlobals) = postSolution
		SolutionGuid = {3FA0F2A3-8DD7-48D7-83D2-522583E97E71}
	EndGlobalSection
EndGlobal
